
Microsoft Visual Studio Solution File, Format Version 12.00
# Visual Studio Version 17
VisualStudioVersion = 17.9.34607.119
MinimumVisualStudioVersion = 10.0.40219.1
Project("{FAE04EC0-301F-11D3-BF4B-00C04F79EFBC}") = "CMCSProject", "CMCSProject.csproj", "{2111FE15-5F76-4F1A-A630-E16B8288DE67}"
EndProject
Global
	GlobalSection(SolutionConfigurationPlatforms) = preSolution
		Debug|Any CPU = Debug|Any CPU
		Release|Any CPU = Release|Any CPU
	EndGlobalSection
	GlobalSection(ProjectConfigurationPlatforms) = postSolution
		{2111FE15-5F76-4F1A-A630-E16B8288DE67}.Debug|Any CPU.ActiveCfg = Debug|Any CPU
		{2111FE15-5F76-4F1A-A630-E16B8288DE67}.Debug|Any CPU.Build.0 = Debug|Any CPU
		{2111FE15-5F76-4F1A-A630-E16B8288DE67}.Release|Any CPU.ActiveCfg = Release|Any CPU
		{2111FE15-5F76-4F1A-A630-E16B8288DE67}.Release|Any CPU.Build.0 = Release|Any CPU
	EndGlobalSection
	GlobalSection(SolutionProperties) = preSolution
		HideSolutionNode = FALSE
	EndGlobalSection
	GlobalSection(ExtensibilityGlobals) = postSolution
		SolutionGuid = {A7D282D8-317E-486A-999F-EFD50AC55E89}
	EndGlobalSection
EndGlobal
